
Microsoft Visual Studio Solution File, Format Version 12.00
# Visual Studio Version 17
VisualStudioVersion = 17.13.35931.197 d17.13
MinimumVisualStudioVersion = 10.0.40219.1
Project("{FAE04EC0-301F-11D3-BF4B-00C04F79EFBC}") = "Ejercicio2", "Ejercicio2\Ejercicio2.csproj", "{7FB6CA6B-29A1-4E8B-8A9B-542DE5BB5242}"
EndProject
Global
	GlobalSection(SolutionConfigurationPlatforms) = preSolution
		Debug|Any CPU = Debug|Any CPU
		Release|Any CPU = Release|Any CPU
	EndGlobalSection
	GlobalSection(ProjectConfigurationPlatforms) = postSolution
		{7FB6CA6B-29A1-4E8B-8A9B-542DE5BB5242}.Debug|Any CPU.ActiveCfg = Debug|Any CPU
		{7FB6CA6B-29A1-4E8B-8A9B-542DE5BB5242}.Debug|Any CPU.Build.0 = Debug|Any CPU
		{7FB6CA6B-29A1-4E8B-8A9B-542DE5BB5242}.Release|Any CPU.ActiveCfg = Release|Any CPU
		{7FB6CA6B-29A1-4E8B-8A9B-542DE5BB5242}.Release|Any CPU.Build.0 = Release|Any CPU
	EndGlobalSection
	GlobalSection(SolutionProperties) = preSolution
		HideSolutionNode = FALSE
	EndGlobalSection
	GlobalSection(ExtensibilityGlobals) = postSolution
		SolutionGuid = {91BEACD9-5159-4FD4-AEE4-23AC4480226E}
	EndGlobalSection
EndGlobal
